# This file is automatically @generated by Cargo.
# It is not intended for manual editing.
version = 4

[[package]]
name = "lz4_flex"
version = "0.12.0"
source = "registry+https://github.com/rust-lang/crates.io-index"
checksum = "ab6473172471198271ff72e9379150e9dfd70d8e533e0752a27e515b48dd375e"

[[package]]
name = "lz4_flex_adapter"
version = "0.1.0"
dependencies = [
 "lz4_flex",
]
